{
  "name": "phaser-web3-game",
  "version": "1.0.0",
  "lockfileVersion": 3,
  "requires": true,
  "packages": {
    "": {
      "name": "phaser-web3-game",
      "version": "1.0.0",
      "dependencies": {
        "express": "^4.18.2",
        "http": "^0.0.1-security",
        "socket.io": "^4.7.2"
      },
      "engines": {
        "node": ">=14.0.0"
      }
    },
    "node_modules/express": {
      "version": "4.18.2",
      "resolved": "https://registry.npmjs.org/express/-/express-4.18.2.tgz",
      "integrity": "sha512-cKN7EFMyR4A7XsEuCDuGVDW1P+7taH1rAY/cDDw2dm2y2C1K04Gos1x0Vghe9QyEdTRRTn0rZgkbKN65O0NRDg==",
      "engines": {
        "node": ">= 0.10.0"
      },
      "dependencies": {
        "body-parser": "~1.20.2",
        "cookie-parser": "~1.21.2",
        "debug": "~4.3.4",
        "express-session": "~1.17.3",
        "finalhandler": "~1.2.2",
        "serve-static": "~1.15.0",
        "type-is": "~1.6.0",
        "utils-merge": "~1.0.1"
      },
      "engines": {
        "node": ">= 0.10.0"
      }
    },
    "node_modules/http": {
      "version": "0.0.1-security",
      "resolved": "https://registry.npmjs.org/http/-/http-0.0.1-security.tgz",
      "integrity": "sha512-Hj5OyzJ6vF6K/xF2ISvF8q8MElxHzGTx8ED6cMNMD+ZJcDzJvOSXXugr5F2NEisF5pdzS6d/O4sa0nZPqni1vQ=="
    },
    "node_modules/socket.io": {
      "version": "4.7.2",
      "resolved": "https://registry.npmjs.org/socket.io/-/socket.io-4.7.2.tgz",
      "integrity": "sha512-7IuRztYft5t9g0yEOI7gS7KCVT0PIBwy7kMWp2ejcUdTZmQJ3V8zk6hM0+hSOw16F2wH6KO7WvsnP7RT1bnOBA==",
      "engines": {
        "node": ">= 12.0.0"
      },
      "dependencies": {
        "backo2": "^1.0.2",
        "debug": "^4.3.4",
        "engine.io": "^6.4.1",
        "has-binary": "^1.0.0",
        "socket.io-parser": "^4.0.6"
      }
    }
  }
}
